
Microsoft Visual Studio Solution File, Format Version 12.00
# Visual Studio Version 16
VisualStudioVersion = 16.0.29609.76
MinimumVisualStudioVersion = 10.0.40219.1
Project("{9A19103F-16F7-4668-BE54-9A1E7A4F7556}") = "SharePoint", "SharePoint\SharePoint.csproj", "{69382220-B240-45F4-843C-C07F0C118186}"
EndProject
Project("{9A19103F-16F7-4668-BE54-9A1E7A4F7556}") = "Dynamics365.BusinessCentral", "Dynamics365\BusinessCentral\Dynamics365.BusinessCentral.csproj", "{B0CB2C8F-B264-4AA4-8CBE-35F32791E870}"
EndProject
Global
	GlobalSection(SolutionConfigurationPlatforms) = preSolution
		Debug|Any CPU = Debug|Any CPU
		Release|Any CPU = Release|Any CPU
	EndGlobalSection
	GlobalSection(ProjectConfigurationPlatforms) = postSolution
		{69382220-B240-45F4-843C-C07F0C118186}.Debug|Any CPU.ActiveCfg = Debug|Any CPU
		{69382220-B240-45F4-843C-C07F0C118186}.Debug|Any CPU.Build.0 = Debug|Any CPU
		{69382220-B240-45F4-843C-C07F0C118186}.Release|Any CPU.ActiveCfg = Release|Any CPU
		{69382220-B240-45F4-843C-C07F0C118186}.Release|Any CPU.Build.0 = Release|Any CPU
		{B0CB2C8F-B264-4AA4-8CBE-35F32791E870}.Debug|Any CPU.ActiveCfg = Debug|Any CPU
		{B0CB2C8F-B264-4AA4-8CBE-35F32791E870}.Debug|Any CPU.Build.0 = Debug|Any CPU
		{B0CB2C8F-B264-4AA4-8CBE-35F32791E870}.Release|Any CPU.ActiveCfg = Release|Any CPU
		{B0CB2C8F-B264-4AA4-8CBE-35F32791E870}.Release|Any CPU.Build.0 = Release|Any CPU
	EndGlobalSection
	GlobalSection(SolutionProperties) = preSolution
		HideSolutionNode = FALSE
	EndGlobalSection
	GlobalSection(ExtensibilityGlobals) = postSolution
		SolutionGuid = {68D83BC3-A1F7-4E46-AAFB-001CB27B432E}
	EndGlobalSection
EndGlobal
